<?xml version="1.0" encoding="utf-8"?>
<Project ToolsVersion="4.0" xmlns="http://schemas.microsoft.com/developer/msbuild/2003">
  <ItemGroup>
    <Filter Include="Default">
      <UniqueIdentifier>{667586a4-b3eb-4a9d-9507-67319e6ef617}</UniqueIdentifier>
    </Filter>
    <Filter Include="Resources">
      <UniqueIdentifier>{67DA6AB6-F800-4c08-8B7A-83BB121AAD01}</UniqueIdentifier>
      <Extensions>rc;ico;cur;bmp;dlg;rc2;rct;bin;rgs;gif;jpg;jpeg;jpe;resx;tiff;tif;png;wav;mfcribbon-ms</Extensions>
    </Filter>
    <Filter Include="00. MainApp">
      <UniqueIdentifier>{9080c1d6-c8ce-4f95-b251-3f247414015e}</UniqueIdentifier>
    </Filter>
    <Filter Include="01. Window">
      <UniqueIdentifier>{5bd40285-a60c-4381-b314-5bae57b057b4}</UniqueIdentifier>
    </Filter>
    <Filter Include="02. Renderer">
      <UniqueIdentifier>{f1892882-8640-415c-b1be-3c4c4ac56f07}</UniqueIdentifier>
    </Filter>
    <Filter Include="04. Scene">
      <UniqueIdentifier>{8127326e-3134-40ac-9c9e-bd872be06631}</UniqueIdentifier>
    </Filter>
    <Filter Include="04. Scene\Private">
      <UniqueIdentifier>{6ff699dc-5222-474c-8cdd-9fb69d46f4dc}</UniqueIdentifier>
    </Filter>
    <Filter Include="04. Scene\Public">
      <UniqueIdentifier>{121ed4a3-14ce-46b5-b222-f41fd01c5d18}</UniqueIdentifier>
    </Filter>
    <Filter Include="03. Game">
      <UniqueIdentifier>{b7ce7eda-115a-4e50-bd28-192e8de8b127}</UniqueIdentifier>
    </Filter>
  </ItemGroup>
  <ItemGroup>
    <ClInclude Include="framework.h">
      <Filter>Default</Filter>
    </ClInclude>
    <ClInclude Include="targetver.h">
      <Filter>Default</Filter>
    </ClInclude>
    <ClInclude Include="Spelunky.h">
      <Filter>Default</Filter>
    </ClInclude>
    <ClInclude Include="Resource.h">
      <Filter>Resources</Filter>
    </ClInclude>
    <ClInclude Include="..\Public\Renderer.h">
      <Filter>02. Renderer</Filter>
    </ClInclude>
    <ClInclude Include="..\Public\MainApp.h">
      <Filter>00. MainApp</Filter>
    </ClInclude>
    <ClInclude Include="..\Public\Window.h">
      <Filter>01. Window</Filter>
    </ClInclude>
    <ClInclude Include="..\Public\BaseLevel.h">
      <Filter>04. Scene\Public</Filter>
    </ClInclude>
    <ClInclude Include="..\Public\Game.h">
      <Filter>03. Game</Filter>
    </ClInclude>
  </ItemGroup>
  <ItemGroup>
    <ResourceCompile Include="Spelunky.rc">
      <Filter>Resources</Filter>
    </ResourceCompile>
  </ItemGroup>
  <ItemGroup>
    <Image Include="small.ico">
      <Filter>Resources</Filter>
    </Image>
    <Image Include="Spelunky.ico">
      <Filter>Resources</Filter>
    </Image>
  </ItemGroup>
  <ItemGroup>
    <ClCompile Include="Spelunky.cpp">
      <Filter>Default</Filter>
    </ClCompile>
    <ClCompile Include="..\Private\Renderer.cpp">
      <Filter>02. Renderer</Filter>
    </ClCompile>
    <ClCompile Include="..\Private\MainApp.cpp">
      <Filter>00. MainApp</Filter>
    </ClCompile>
    <ClCompile Include="..\Private\Window.cpp">
      <Filter>01. Window</Filter>
    </ClCompile>
    <ClCompile Include="..\Private\BaseLevel.cpp">
      <Filter>04. Scene\Private</Filter>
    </ClCompile>
    <ClCompile Include="..\Private\Game.cpp">
      <Filter>03. Game</Filter>
    </ClCompile>
  </ItemGroup>
</Project>